
Microsoft Visual Studio Solution File, Format Version 12.00
# Visual Studio Version 16
VisualStudioVersion = 16.0.30621.155
MinimumVisualStudioVersion = 10.0.40219.1
Project("{FAE04EC0-301F-11D3-BF4B-00C04F79EFBC}") = "UserRegistration", "UserRegistration\UserRegistration.csproj", "{8A2130AB-4049-47BD-9358-D143F528DDC9}"
EndProject
Global
	GlobalSection(SolutionConfigurationPlatforms) = preSolution
		Debug|Any CPU = Debug|Any CPU
		Release|Any CPU = Release|Any CPU
	EndGlobalSection
	GlobalSection(ProjectConfigurationPlatforms) = postSolution
		{8A2130AB-4049-47BD-9358-D143F528DDC9}.Debug|Any CPU.ActiveCfg = Debug|Any CPU
		{8A2130AB-4049-47BD-9358-D143F528DDC9}.Debug|Any CPU.Build.0 = Debug|Any CPU
		{8A2130AB-4049-47BD-9358-D143F528DDC9}.Release|Any CPU.ActiveCfg = Release|Any CPU
		{8A2130AB-4049-47BD-9358-D143F528DDC9}.Release|Any CPU.Build.0 = Release|Any CPU
	EndGlobalSection
	GlobalSection(SolutionProperties) = preSolution
		HideSolutionNode = FALSE
	EndGlobalSection
	GlobalSection(ExtensibilityGlobals) = postSolution
		SolutionGuid = {E031D94A-BE15-439F-9129-3A6D33681BE2}
	EndGlobalSection
EndGlobal
